// !$*UTF8*$!
{
	archiveVersion = 1;
	classes = {
	};
	objectVersion = 46;
	objects = {

/* Begin PBXBuildFile section */
		960783361EA9A2CC00D66734 /* ForecastVC.swift in Sources */ = {isa = PBXBuildFile; fileRef = 960783351EA9A2CC00D66734 /* ForecastVC.swift */; };
		960783381EA9AA1200D66734 /* ForecastView.swift in Sources */ = {isa = PBXBuildFile; fileRef = 960783371EA9AA1200D66734 /* ForecastView.swift */; };
		96134CB81D2BA5C200232FCD /* JumpingVC.swift in Sources */ = {isa = PBXBuildFile; fileRef = 96134CB71D2BA5C200232FCD /* JumpingVC.swift */; };
		96134CBA1D2BA67C00232FCD /* JumpingScene.swift in Sources */ = {isa = PBXBuildFile; fileRef = 96134CB91D2BA67C00232FCD /* JumpingScene.swift */; };
		96134CBC1D2BA88E00232FCD /* sprites.atlas in Resources */ = {isa = PBXBuildFile; fileRef = 96134CBB1D2BA88E00232FCD /* sprites.atlas */; };
		9626555C1F79F17D00D83BC0 /* PaintingVC.swift in Sources */ = {isa = PBXBuildFile; fileRef = 9626555B1F79F17D00D83BC0 /* PaintingVC.swift */; };
		9626555E1F79F2F000D83BC0 /* PaintingView.swift in Sources */ = {isa = PBXBuildFile; fileRef = 9626555D1F79F2F000D83BC0 /* PaintingView.swift */; };
		962AF9F41CE9640D00B7E128 /* TwoZeroFourEightView.swift in Sources */ = {isa = PBXBuildFile; fileRef = 962AF9F31CE9640D00B7E128 /* TwoZeroFourEightView.swift */; };
		962EC31C1D238145008E2D44 /* TextEditorVC.swift in Sources */ = {isa = PBXBuildFile; fileRef = 962EC31B1D238145008E2D44 /* TextEditorVC.swift */; };
		962EC31E1D238252008E2D44 /* TextEditorView.swift in Sources */ = {isa = PBXBuildFile; fileRef = 962EC31D1D238252008E2D44 /* TextEditorView.swift */; };
		9632B8401D24B11F008C718A /* LogFileManager.swift in Sources */ = {isa = PBXBuildFile; fileRef = 9632B83F1D24B11F008C718A /* LogFileManager.swift */; };
		9632B8421D24C61A008C718A /* File.swift in Sources */ = {isa = PBXBuildFile; fileRef = 9632B8411D24C61A008C718A /* File.swift */; };
		96346D9E1EA9DFA700F99965 /* ForecastManager.swift in Sources */ = {isa = PBXBuildFile; fileRef = 96346D9D1EA9DFA700F99965 /* ForecastManager.swift */; };
		964064B81D0026AF00612CE9 /* SudokuPuzzles.plist in Resources */ = {isa = PBXBuildFile; fileRef = 964064B71D0026AE00612CE9 /* SudokuPuzzles.plist */; };
		965BA4B41CEAF29C003988E2 /* Color.swift in Sources */ = {isa = PBXBuildFile; fileRef = 965BA4B31CEAF29C003988E2 /* Color.swift */; };
		965D1D7B1CFE870D00FD6812 /* SudokuVC.swift in Sources */ = {isa = PBXBuildFile; fileRef = 965D1D7A1CFE870D00FD6812 /* SudokuVC.swift */; };
		965D1D7D1CFE881800FD6812 /* SudokuView.swift in Sources */ = {isa = PBXBuildFile; fileRef = 965D1D7C1CFE881700FD6812 /* SudokuView.swift */; };
		965D1D7F1CFECD5900FD6812 /* SudokuManager.swift in Sources */ = {isa = PBXBuildFile; fileRef = 965D1D7E1CFECD5900FD6812 /* SudokuManager.swift */; };
		9664D2961CF7FAE400630EAE /* TZFEManager.swift in Sources */ = {isa = PBXBuildFile; fileRef = 9664D2951CF7FAE400630EAE /* TZFEManager.swift */; };
		96687FE21CE5714000149A59 /* LICENSE in Resources */ = {isa = PBXBuildFile; fileRef = 96687FE01CE5714000149A59 /* LICENSE */; };
		96687FE31CE5714000149A59 /* README.md in Resources */ = {isa = PBXBuildFile; fileRef = 96687FE11CE5714000149A59 /* README.md */; };
		96687FE81CE5898200149A59 /* ToolItems.plist in Resources */ = {isa = PBXBuildFile; fileRef = 96687FE71CE5898000149A59 /* ToolItems.plist */; };
		96687FEA1CE58AB300149A59 /* GameItems.plist in Resources */ = {isa = PBXBuildFile; fileRef = 96687FE91CE58AB200149A59 /* GameItems.plist */; };
		96687FEC1CE5AB3400149A59 /* TableCellItem.swift in Sources */ = {isa = PBXBuildFile; fileRef = 96687FEB1CE5AB3400149A59 /* TableCellItem.swift */; };
		9672179F1CFBF5F7002D77B7 /* BarCodeVC.swift in Sources */ = {isa = PBXBuildFile; fileRef = 9672179E1CFBF5F7002D77B7 /* BarCodeVC.swift */; };
		967217A21CFBF6D4002D77B7 /* BarCodeView.swift in Sources */ = {isa = PBXBuildFile; fileRef = 967217A11CFBF6D4002D77B7 /* BarCodeView.swift */; };
		967217A41CFBFA6D002D77B7 /* Settings.bundle in Resources */ = {isa = PBXBuildFile; fileRef = 967217A31CFBFA6C002D77B7 /* Settings.bundle */; };
		967217A61CFBFD00002D77B7 /* Language.plist in Resources */ = {isa = PBXBuildFile; fileRef = 967217A51CFBFD00002D77B7 /* Language.plist */; };
		967217A81CFC0CD2002D77B7 /* LanguageManager.swift in Sources */ = {isa = PBXBuildFile; fileRef = 967217A71CFC0CD2002D77B7 /* LanguageManager.swift */; };
		96753A371CE5D8BE0079FB8F /* TwoZeroFourEightVC.swift in Sources */ = {isa = PBXBuildFile; fileRef = 96753A361CE5D8BE0079FB8F /* TwoZeroFourEightVC.swift */; };
		96753A391CE5D8EB0079FB8F /* GameListVC.swift in Sources */ = {isa = PBXBuildFile; fileRef = 96753A381CE5D8EB0079FB8F /* GameListVC.swift */; };
		96753A3B1CE5D8F50079FB8F /* ToolListVC.swift in Sources */ = {isa = PBXBuildFile; fileRef = 96753A3A1CE5D8F50079FB8F /* ToolListVC.swift */; };
		96753A3D1CE5D9590079FB8F /* FileExplorerVC.swift in Sources */ = {isa = PBXBuildFile; fileRef = 96753A3C1CE5D9590079FB8F /* FileExplorerVC.swift */; };
		96753A411CE5DD170079FB8F /* FileExplorerManager.swift in Sources */ = {isa = PBXBuildFile; fileRef = 96753A401CE5DD170079FB8F /* FileExplorerManager.swift */; };
		967B062C1E70FFD900213A41 /* AudioToolVC.swift in Sources */ = {isa = PBXBuildFile; fileRef = 967B062B1E70FFD900213A41 /* AudioToolVC.swift */; };
		967B062E1E71005800213A41 /* AudioToolView.swift in Sources */ = {isa = PBXBuildFile; fileRef = 967B062D1E71005800213A41 /* AudioToolView.swift */; };
		968F1FF11EAA02A80036FB2A /* Forecast.swift in Sources */ = {isa = PBXBuildFile; fileRef = 968F1FF01EAA02A80036FB2A /* Forecast.swift */; };
		96B84F031CF6D04200817793 /* UserDefaultManager.swift in Sources */ = {isa = PBXBuildFile; fileRef = 96B84F021CF6D04200817793 /* UserDefaultManager.swift */; };
		96BDAE1A1CF82A0700FFB05D /* AlertManager.swift in Sources */ = {isa = PBXBuildFile; fileRef = 96BDAE191CF82A0700FFB05D /* AlertManager.swift */; };
		96C851B31E5FCA9000F1B286 /* CheckJailBroken.swift in Sources */ = {isa = PBXBuildFile; fileRef = 96C851B21E5FCA9000F1B286 /* CheckJailBroken.swift */; };
		96DCF8401CE4250700A08658 /* AppDelegate.swift in Sources */ = {isa = PBXBuildFile; fileRef = 96DCF83E1CE4250700A08658 /* AppDelegate.swift */; };
		96DCF8441CE4251F00A08658 /* Assets.xcassets in Resources */ = {isa = PBXBuildFile; fileRef = 96DCF8421CE4251F00A08658 /* Assets.xcassets */; };
		96DCF85A1CE4794E00A08658 /* UniversalTableViewController.swift in Sources */ = {isa = PBXBuildFile; fileRef = 96DCF8591CE4794E00A08658 /* UniversalTableViewController.swift */; };
		96E72CEB1D5ADA7B00B16522 /* MarqueeLabel.swift in Sources */ = {isa = PBXBuildFile; fileRef = 96E72CEA1D5ADA7B00B16522 /* MarqueeLabel.swift */; };
		96E72CED1D5ADBFA00B16522 /* MarqueeVC.swift in Sources */ = {isa = PBXBuildFile; fileRef = 96E72CEC1D5ADBFA00B16522 /* MarqueeVC.swift */; };
		96E72CEF1D5ADC0A00B16522 /* MarqueeView.swift in Sources */ = {isa = PBXBuildFile; fileRef = 96E72CEE1D5ADC0A00B16522 /* MarqueeView.swift */; };
		96EF08CC1CFD71A100D89D53 /* Audio in Resources */ = {isa = PBXBuildFile; fileRef = 96EF08CB1CFD71A000D89D53 /* Audio */; };
		96F354641D9D0D8900D0B3FB /* LifeGameVC.swift in Sources */ = {isa = PBXBuildFile; fileRef = 96F354631D9D0D8900D0B3FB /* LifeGameVC.swift */; };
		96F354661D9D0E2800D0B3FB /* LifeGameView.swift in Sources */ = {isa = PBXBuildFile; fileRef = 96F354651D9D0E2800D0B3FB /* LifeGameView.swift */; };
		96F354681D9D1AA000D0B3FB /* LifeGameManager.swift in Sources */ = {isa = PBXBuildFile; fileRef = 96F354671D9D1AA000D0B3FB /* LifeGameManager.swift */; };
/* End PBXBuildFile section */

/* Begin PBXFileReference section */
		960783351EA9A2CC00D66734 /* ForecastVC.swift */ = {isa = PBXFileReference; fileEncoding = 4; lastKnownFileType = sourcecode.swift; path = ForecastVC.swift; sourceTree = "<group>"; };
		960783371EA9AA1200D66734 /* ForecastView.swift */ = {isa = PBXFileReference; fileEncoding = 4; lastKnownFileType = sourcecode.swift; path = ForecastView.swift; sourceTree = "<group>"; };
		96134CB71D2BA5C200232FCD /* JumpingVC.swift */ = {isa = PBXFileReference; fileEncoding = 4; lastKnownFileType = sourcecode.swift; path = JumpingVC.swift; sourceTree = "<group>"; };
		96134CB91D2BA67C00232FCD /* JumpingScene.swift */ = {isa = PBXFileReference; fileEncoding = 4; lastKnownFileType = sourcecode.swift; path = JumpingScene.swift; sourceTree = "<group>"; };
		96134CBB1D2BA88E00232FCD /* sprites.atlas */ = {isa = PBXFileReference; lastKnownFileType = folder.skatlas; name = sprites.atlas; path = Resources/sprites.atlas; sourceTree = "<group>"; };
		9626555B1F79F17D00D83BC0 /* PaintingVC.swift */ = {isa = PBXFileReference; fileEncoding = 4; lastKnownFileType = sourcecode.swift; path = PaintingVC.swift; sourceTree = "<group>"; };
		9626555D1F79F2F000D83BC0 /* PaintingView.swift */ = {isa = PBXFileReference; fileEncoding = 4; lastKnownFileType = sourcecode.swift; path = PaintingView.swift; sourceTree = "<group>"; };
		962AF9F31CE9640D00B7E128 /* TwoZeroFourEightView.swift */ = {isa = PBXFileReference; fileEncoding = 4; lastKnownFileType = sourcecode.swift; path = TwoZeroFourEightView.swift; sourceTree = "<group>"; };
		962EC31B1D238145008E2D44 /* TextEditorVC.swift */ = {isa = PBXFileReference; fileEncoding = 4; lastKnownFileType = sourcecode.swift; path = TextEditorVC.swift; sourceTree = "<group>"; };
		962EC31D1D238252008E2D44 /* TextEditorView.swift */ = {isa = PBXFileReference; fileEncoding = 4; lastKnownFileType = sourcecode.swift; path = TextEditorView.swift; sourceTree = "<group>"; };
		9632B83F1D24B11F008C718A /* LogFileManager.swift */ = {isa = PBXFileReference; fileEncoding = 4; lastKnownFileType = sourcecode.swift; path = LogFileManager.swift; sourceTree = "<group>"; };
		9632B8411D24C61A008C718A /* File.swift */ = {isa = PBXFileReference; fileEncoding = 4; lastKnownFileType = sourcecode.swift; path = File.swift; sourceTree = "<group>"; };
		96346D9D1EA9DFA700F99965 /* ForecastManager.swift */ = {isa = PBXFileReference; fileEncoding = 4; lastKnownFileType = sourcecode.swift; path = ForecastManager.swift; sourceTree = "<group>"; };
		964064B71D0026AE00612CE9 /* SudokuPuzzles.plist */ = {isa = PBXFileReference; fileEncoding = 4; lastKnownFileType = text.plist.xml; name = SudokuPuzzles.plist; path = Resources/SudokuPuzzles.plist; sourceTree = "<group>"; };
		965BA4B31CEAF29C003988E2 /* Color.swift */ = {isa = PBXFileReference; fileEncoding = 4; lastKnownFileType = sourcecode.swift; path = Color.swift; sourceTree = "<group>"; };
		965D1D7A1CFE870D00FD6812 /* SudokuVC.swift */ = {isa = PBXFileReference; fileEncoding = 4; lastKnownFileType = sourcecode.swift; path = SudokuVC.swift; sourceTree = "<group>"; };
		965D1D7C1CFE881700FD6812 /* SudokuView.swift */ = {isa = PBXFileReference; fileEncoding = 4; lastKnownFileType = sourcecode.swift; path = SudokuView.swift; sourceTree = "<group>"; };
		965D1D7E1CFECD5900FD6812 /* SudokuManager.swift */ = {isa = PBXFileReference; fileEncoding = 4; lastKnownFileType = sourcecode.swift; path = SudokuManager.swift; sourceTree = "<group>"; };
		9664D2951CF7FAE400630EAE /* TZFEManager.swift */ = {isa = PBXFileReference; fileEncoding = 4; lastKnownFileType = sourcecode.swift; path = TZFEManager.swift; sourceTree = "<group>"; };
		96687FE01CE5714000149A59 /* LICENSE */ = {isa = PBXFileReference; fileEncoding = 4; lastKnownFileType = text; path = LICENSE; sourceTree = "<group>"; };
		96687FE11CE5714000149A59 /* README.md */ = {isa = PBXFileReference; fileEncoding = 4; lastKnownFileType = net.daringfireball.markdown; path = README.md; sourceTree = "<group>"; };
		96687FE71CE5898000149A59 /* ToolItems.plist */ = {isa = PBXFileReference; fileEncoding = 4; lastKnownFileType = text.plist.xml; name = ToolItems.plist; path = Resources/ToolItems.plist; sourceTree = "<group>"; };
		96687FE91CE58AB200149A59 /* GameItems.plist */ = {isa = PBXFileReference; fileEncoding = 4; lastKnownFileType = text.plist.xml; name = GameItems.plist; path = Resources/GameItems.plist; sourceTree = "<group>"; };
		96687FEB1CE5AB3400149A59 /* TableCellItem.swift */ = {isa = PBXFileReference; fileEncoding = 4; lastKnownFileType = sourcecode.swift; path = TableCellItem.swift; sourceTree = "<group>"; };
		9672179E1CFBF5F7002D77B7 /* BarCodeVC.swift */ = {isa = PBXFileReference; fileEncoding = 4; lastKnownFileType = sourcecode.swift; path = BarCodeVC.swift; sourceTree = "<group>"; };
		967217A11CFBF6D4002D77B7 /* BarCodeView.swift */ = {isa = PBXFileReference; fileEncoding = 4; lastKnownFileType = sourcecode.swift; path = BarCodeView.swift; sourceTree = "<group>"; };
		967217A31CFBFA6C002D77B7 /* Settings.bundle */ = {isa = PBXFileReference; lastKnownFileType = "wrapper.plug-in"; name = Settings.bundle; path = Resources/Settings.bundle; sourceTree = "<group>"; };
		967217A51CFBFD00002D77B7 /* Language.plist */ = {isa = PBXFileReference; fileEncoding = 4; lastKnownFileType = text.plist.xml; name = Language.plist; path = Resources/Language.plist; sourceTree = "<group>"; };
		967217A71CFC0CD2002D77B7 /* LanguageManager.swift */ = {isa = PBXFileReference; fileEncoding = 4; lastKnownFileType = sourcecode.swift; path = LanguageManager.swift; sourceTree = "<group>"; };
		96753A361CE5D8BE0079FB8F /* TwoZeroFourEightVC.swift */ = {isa = PBXFileReference; fileEncoding = 4; lastKnownFileType = sourcecode.swift; path = TwoZeroFourEightVC.swift; sourceTree = "<group>"; };
		96753A381CE5D8EB0079FB8F /* GameListVC.swift */ = {isa = PBXFileReference; fileEncoding = 4; lastKnownFileType = sourcecode.swift; path = GameListVC.swift; sourceTree = "<group>"; };
		96753A3A1CE5D8F50079FB8F /* ToolListVC.swift */ = {isa = PBXFileReference; fileEncoding = 4; lastKnownFileType = sourcecode.swift; path = ToolListVC.swift; sourceTree = "<group>"; };
		96753A3C1CE5D9590079FB8F /* FileExplorerVC.swift */ = {isa = PBXFileReference; fileEncoding = 4; lastKnownFileType = sourcecode.swift; path = FileExplorerVC.swift; sourceTree = "<group>"; };
		96753A401CE5DD170079FB8F /* FileExplorerManager.swift */ = {isa = PBXFileReference; fileEncoding = 4; lastKnownFileType = sourcecode.swift; path = FileExplorerManager.swift; sourceTree = "<group>"; };
		967B062B1E70FFD900213A41 /* AudioToolVC.swift */ = {isa = PBXFileReference; fileEncoding = 4; lastKnownFileType = sourcecode.swift; path = AudioToolVC.swift; sourceTree = "<group>"; };
		967B062D1E71005800213A41 /* AudioToolView.swift */ = {isa = PBXFileReference; fileEncoding = 4; lastKnownFileType = sourcecode.swift; path = AudioToolView.swift; sourceTree = "<group>"; };
		968F1FF01EAA02A80036FB2A /* Forecast.swift */ = {isa = PBXFileReference; fileEncoding = 4; lastKnownFileType = sourcecode.swift; path = Forecast.swift; sourceTree = "<group>"; };
		96B84F021CF6D04200817793 /* UserDefaultManager.swift */ = {isa = PBXFileReference; fileEncoding = 4; lastKnownFileType = sourcecode.swift; path = UserDefaultManager.swift; sourceTree = "<group>"; };
		96BDAE191CF82A0700FFB05D /* AlertManager.swift */ = {isa = PBXFileReference; fileEncoding = 4; lastKnownFileType = sourcecode.swift; path = AlertManager.swift; sourceTree = "<group>"; };
		96C851B21E5FCA9000F1B286 /* CheckJailBroken.swift */ = {isa = PBXFileReference; fileEncoding = 4; lastKnownFileType = sourcecode.swift; path = CheckJailBroken.swift; sourceTree = "<group>"; };
		96DCF80A1CE422CF00A08658 /* Paradise Lost.app */ = {isa = PBXFileReference; explicitFileType = wrapper.application; includeInIndex = 0; path = "Paradise Lost.app"; sourceTree = BUILT_PRODUCTS_DIR; };
		96DCF83E1CE4250700A08658 /* AppDelegate.swift */ = {isa = PBXFileReference; fileEncoding = 4; lastKnownFileType = sourcecode.swift; path = AppDelegate.swift; sourceTree = "<group>"; };
		96DCF8421CE4251F00A08658 /* Assets.xcassets */ = {isa = PBXFileReference; lastKnownFileType = folder.assetcatalog; name = Assets.xcassets; path = Resources/Assets.xcassets; sourceTree = "<group>"; };
		96DCF8431CE4251F00A08658 /* Info.plist */ = {isa = PBXFileReference; fileEncoding = 4; lastKnownFileType = text.plist.xml; name = Info.plist; path = Resources/Info.plist; sourceTree = "<group>"; };
		96DCF8591CE4794E00A08658 /* UniversalTableViewController.swift */ = {isa = PBXFileReference; fileEncoding = 4; lastKnownFileType = sourcecode.swift; path = UniversalTableViewController.swift; sourceTree = "<group>"; };
		96E72CEA1D5ADA7B00B16522 /* MarqueeLabel.swift */ = {isa = PBXFileReference; fileEncoding = 4; lastKnownFileType = sourcecode.swift; path = MarqueeLabel.swift; sourceTree = "<group>"; };
		96E72CEC1D5ADBFA00B16522 /* MarqueeVC.swift */ = {isa = PBXFileReference; fileEncoding = 4; lastKnownFileType = sourcecode.swift; path = MarqueeVC.swift; sourceTree = "<group>"; };
		96E72CEE1D5ADC0A00B16522 /* MarqueeView.swift */ = {isa = PBXFileReference; fileEncoding = 4; lastKnownFileType = sourcecode.swift; path = MarqueeView.swift; sourceTree = "<group>"; };
		96EF08CB1CFD71A000D89D53 /* Audio */ = {isa = PBXFileReference; lastKnownFileType = folder; name = Audio; path = Resources/Audio; sourceTree = "<group>"; };
		96F354631D9D0D8900D0B3FB /* LifeGameVC.swift */ = {isa = PBXFileReference; fileEncoding = 4; lastKnownFileType = sourcecode.swift; path = LifeGameVC.swift; sourceTree = "<group>"; };
		96F354651D9D0E2800D0B3FB /* LifeGameView.swift */ = {isa = PBXFileReference; fileEncoding = 4; lastKnownFileType = sourcecode.swift; path = LifeGameView.swift; sourceTree = "<group>"; };
		96F354671D9D1AA000D0B3FB /* LifeGameManager.swift */ = {isa = PBXFileReference; fileEncoding = 4; lastKnownFileType = sourcecode.swift; path = LifeGameManager.swift; sourceTree = "<group>"; };
/* End PBXFileReference section */

/* Begin PBXFrameworksBuildPhase section */
		96DCF8071CE422CF00A08658 /* Frameworks */ = {
			isa = PBXFrameworksBuildPhase;
			buildActionMask = 2147483647;
			files = (
			);
			runOnlyForDeploymentPostprocessing = 0;
		};
/* End PBXFrameworksBuildPhase section */

/* Begin PBXGroup section */
		962AF9F51CE9641200B7E128 /* Game */ = {
			isa = PBXGroup;
			children = (
				962AF9F31CE9640D00B7E128 /* TwoZeroFourEightView.swift */,
				965D1D7C1CFE881700FD6812 /* SudokuView.swift */,
				96134CB91D2BA67C00232FCD /* JumpingScene.swift */,
				96F354651D9D0E2800D0B3FB /* LifeGameView.swift */,
			);
			path = Game;
			sourceTree = "<group>";
		};
		967217A01CFBF6A9002D77B7 /* Tool */ = {
			isa = PBXGroup;
			children = (
				967217A11CFBF6D4002D77B7 /* BarCodeView.swift */,
				962EC31D1D238252008E2D44 /* TextEditorView.swift */,
				96E72CEE1D5ADC0A00B16522 /* MarqueeView.swift */,
				967B062D1E71005800213A41 /* AudioToolView.swift */,
				960783371EA9AA1200D66734 /* ForecastView.swift */,
				9626555D1F79F2F000D83BC0 /* PaintingView.swift */,
			);
			path = Tool;
			sourceTree = "<group>";
		};
		96753A341CE5D8630079FB8F /* Game */ = {
			isa = PBXGroup;
			children = (
				96753A381CE5D8EB0079FB8F /* GameListVC.swift */,
				96753A361CE5D8BE0079FB8F /* TwoZeroFourEightVC.swift */,
				965D1D7A1CFE870D00FD6812 /* SudokuVC.swift */,
				96134CB71D2BA5C200232FCD /* JumpingVC.swift */,
				96F354631D9D0D8900D0B3FB /* LifeGameVC.swift */,
			);
			path = Game;
			sourceTree = "<group>";
		};
		96753A351CE5D86C0079FB8F /* Tool */ = {
			isa = PBXGroup;
			children = (
				96753A3A1CE5D8F50079FB8F /* ToolListVC.swift */,
				96753A3C1CE5D9590079FB8F /* FileExplorerVC.swift */,
				9672179E1CFBF5F7002D77B7 /* BarCodeVC.swift */,
				962EC31B1D238145008E2D44 /* TextEditorVC.swift */,
				96E72CEC1D5ADBFA00B16522 /* MarqueeVC.swift */,
				967B062B1E70FFD900213A41 /* AudioToolVC.swift */,
				960783351EA9A2CC00D66734 /* ForecastVC.swift */,
				9626555B1F79F17D00D83BC0 /* PaintingVC.swift */,
			);
			path = Tool;
			sourceTree = "<group>";
		};
		96DCF8011CE422CE00A08658 = {
			isa = PBXGroup;
			children = (
				96DCF80C1CE422CF00A08658 /* Paradise Lost */,
				96687FE01CE5714000149A59 /* LICENSE */,
				96687FE11CE5714000149A59 /* README.md */,
				96DCF80B1CE422CF00A08658 /* Products */,
			);
			sourceTree = "<group>";
		};
		96DCF80B1CE422CF00A08658 /* Products */ = {
			isa = PBXGroup;
			children = (
				96DCF80A1CE422CF00A08658 /* Paradise Lost.app */,
			);
			name = Products;
			sourceTree = "<group>";
		};
		96DCF80C1CE422CF00A08658 /* Paradise Lost */ = {
			isa = PBXGroup;
			children = (
				96DCF83B1CE4240400A08658 /* Classes */,
				96DCF83D1CE4246600A08658 /* Resources */,
			);
			path = "Paradise Lost";
			sourceTree = "<group>";
		};
		96DCF83B1CE4240400A08658 /* Classes */ = {
			isa = PBXGroup;
			children = (
				96DCF83E1CE4250700A08658 /* AppDelegate.swift */,
				96DCF8471CE4258E00A08658 /* DataStructures */,
				96DCF85B1CE487B900A08658 /* Models */,
				96DCF8481CE425CD00A08658 /* Views */,
				96DCF8461CE4258400A08658 /* ViewControllers */,
			);
			path = Classes;
			sourceTree = "<group>";
		};
		96DCF83D1CE4246600A08658 /* Resources */ = {
			isa = PBXGroup;
			children = (
				96EF08CB1CFD71A000D89D53 /* Audio */,
				967217A31CFBFA6C002D77B7 /* Settings.bundle */,
				96134CBB1D2BA88E00232FCD /* sprites.atlas */,
				96DCF8421CE4251F00A08658 /* Assets.xcassets */,
				96DCF8431CE4251F00A08658 /* Info.plist */,
				96687FE91CE58AB200149A59 /* GameItems.plist */,
				96687FE71CE5898000149A59 /* ToolItems.plist */,
				967217A51CFBFD00002D77B7 /* Language.plist */,
				964064B71D0026AE00612CE9 /* SudokuPuzzles.plist */,
			);
			name = Resources;
			sourceTree = "<group>";
		};
		96DCF8461CE4258400A08658 /* ViewControllers */ = {
			isa = PBXGroup;
			children = (
				96DCF8591CE4794E00A08658 /* UniversalTableViewController.swift */,
				96753A341CE5D8630079FB8F /* Game */,
				96753A351CE5D86C0079FB8F /* Tool */,
			);
			path = ViewControllers;
			sourceTree = "<group>";
		};
		96DCF8471CE4258E00A08658 /* DataStructures */ = {
			isa = PBXGroup;
			children = (
				96687FEB1CE5AB3400149A59 /* TableCellItem.swift */,
				965BA4B31CEAF29C003988E2 /* Color.swift */,
				9632B8411D24C61A008C718A /* File.swift */,
				968F1FF01EAA02A80036FB2A /* Forecast.swift */,
			);
			path = DataStructures;
			sourceTree = "<group>";
		};
		96DCF8481CE425CD00A08658 /* Views */ = {
			isa = PBXGroup;
			children = (
				96E72CEA1D5ADA7B00B16522 /* MarqueeLabel.swift */,
				962AF9F51CE9641200B7E128 /* Game */,
				967217A01CFBF6A9002D77B7 /* Tool */,
			);
			path = Views;
			sourceTree = "<group>";
		};
		96DCF85B1CE487B900A08658 /* Models */ = {
			isa = PBXGroup;
			children = (
				96C851B21E5FCA9000F1B286 /* CheckJailBroken.swift */,
				96BDAE191CF82A0700FFB05D /* AlertManager.swift */,
				967217A71CFC0CD2002D77B7 /* LanguageManager.swift */,
				96B84F021CF6D04200817793 /* UserDefaultManager.swift */,
				96753A401CE5DD170079FB8F /* FileExplorerManager.swift */,
				9632B83F1D24B11F008C718A /* LogFileManager.swift */,
				9664D2951CF7FAE400630EAE /* TZFEManager.swift */,
				965D1D7E1CFECD5900FD6812 /* SudokuManager.swift */,
				96F354671D9D1AA000D0B3FB /* LifeGameManager.swift */,
				96346D9D1EA9DFA700F99965 /* ForecastManager.swift */,
			);
			path = Models;
			sourceTree = "<group>";
		};
/* End PBXGroup section */

/* Begin PBXNativeTarget section */
		96DCF8091CE422CF00A08658 /* Paradise Lost */ = {
			isa = PBXNativeTarget;
			buildConfigurationList = 96DCF8321CE422D000A08658 /* Build configuration list for PBXNativeTarget "Paradise Lost" */;
			buildPhases = (
				96DCF8061CE422CF00A08658 /* Sources */,
				96DCF8071CE422CF00A08658 /* Frameworks */,
				96DCF8081CE422CF00A08658 /* Resources */,
			);
			buildRules = (
			);
			dependencies = (
			);
			name = "Paradise Lost";
			productName = "Paradise Lost";
			productReference = 96DCF80A1CE422CF00A08658 /* Paradise Lost.app */;
			productType = "com.apple.product-type.application";
		};
/* End PBXNativeTarget section */

/* Begin PBXProject section */
		96DCF8021CE422CE00A08658 /* Project object */ = {
			isa = PBXProject;
			attributes = {
				LastSwiftUpdateCheck = 0730;
				LastUpgradeCheck = 0830;
				ORGANIZATIONNAME = "Jason Chen";
				TargetAttributes = {
					96DCF8091CE422CF00A08658 = {
						CreatedOnToolsVersion = 7.2;
						DevelopmentTeam = ESYE4DY6PK;
						LastSwiftMigration = 0830;
						SystemCapabilities = {
							com.apple.Keychain = {
								enabled = 0;
							};
						};
					};
				};
			};
			buildConfigurationList = 96DCF8051CE422CE00A08658 /* Build configuration list for PBXProject "Paradise Lost" */;
			compatibilityVersion = "Xcode 3.2";
			developmentRegion = English;
			hasScannedForEncodings = 0;
			knownRegions = (
				en,
				Base,
			);
			mainGroup = 96DCF8011CE422CE00A08658;
			productRefGroup = 96DCF80B1CE422CF00A08658 /* Products */;
			projectDirPath = "";
			projectRoot = "";
			targets = (
				96DCF8091CE422CF00A08658 /* Paradise Lost */,
			);
		};
/* End PBXProject section */

/* Begin PBXResourcesBuildPhase section */
		96DCF8081CE422CF00A08658 /* Resources */ = {
			isa = PBXResourcesBuildPhase;
			buildActionMask = 2147483647;
			files = (
				96134CBC1D2BA88E00232FCD /* sprites.atlas in Resources */,
				96EF08CC1CFD71A100D89D53 /* Audio in Resources */,
				96DCF8441CE4251F00A08658 /* Assets.xcassets in Resources */,
				967217A41CFBFA6D002D77B7 /* Settings.bundle in Resources */,
				96687FE81CE5898200149A59 /* ToolItems.plist in Resources */,
				964064B81D0026AF00612CE9 /* SudokuPuzzles.plist in Resources */,
				96687FEA1CE58AB300149A59 /* GameItems.plist in Resources */,
				967217A61CFBFD00002D77B7 /* Language.plist in Resources */,
				96687FE21CE5714000149A59 /* LICENSE in Resources */,
				96687FE31CE5714000149A59 /* README.md in Resources */,
			);
			runOnlyForDeploymentPostprocessing = 0;
		};
/* End PBXResourcesBuildPhase section */

/* Begin PBXSourcesBuildPhase section */
		96DCF8061CE422CF00A08658 /* Sources */ = {
			isa = PBXSourcesBuildPhase;
			buildActionMask = 2147483647;
			files = (
				96DCF8401CE4250700A08658 /* AppDelegate.swift in Sources */,
				96687FEC1CE5AB3400149A59 /* TableCellItem.swift in Sources */,
				965BA4B41CEAF29C003988E2 /* Color.swift in Sources */,
				9632B8421D24C61A008C718A /* File.swift in Sources */,
				96BDAE1A1CF82A0700FFB05D /* AlertManager.swift in Sources */,
				967217A81CFC0CD2002D77B7 /* LanguageManager.swift in Sources */,
				96F354661D9D0E2800D0B3FB /* LifeGameView.swift in Sources */,
				960783361EA9A2CC00D66734 /* ForecastVC.swift in Sources */,
				96B84F031CF6D04200817793 /* UserDefaultManager.swift in Sources */,
				96753A411CE5DD170079FB8F /* FileExplorerManager.swift in Sources */,
				9626555E1F79F2F000D83BC0 /* PaintingView.swift in Sources */,
				9632B8401D24B11F008C718A /* LogFileManager.swift in Sources */,
				9664D2961CF7FAE400630EAE /* TZFEManager.swift in Sources */,
				965D1D7F1CFECD5900FD6812 /* SudokuManager.swift in Sources */,
				96E72CEB1D5ADA7B00B16522 /* MarqueeLabel.swift in Sources */,
				96F354641D9D0D8900D0B3FB /* LifeGameVC.swift in Sources */,
				962AF9F41CE9640D00B7E128 /* TwoZeroFourEightView.swift in Sources */,
				96C851B31E5FCA9000F1B286 /* CheckJailBroken.swift in Sources */,
				965D1D7D1CFE881800FD6812 /* SudokuView.swift in Sources */,
				96134CBA1D2BA67C00232FCD /* JumpingScene.swift in Sources */,
				967217A21CFBF6D4002D77B7 /* BarCodeView.swift in Sources */,
				962EC31E1D238252008E2D44 /* TextEditorView.swift in Sources */,
				96E72CEF1D5ADC0A00B16522 /* MarqueeView.swift in Sources */,
				96DCF85A1CE4794E00A08658 /* UniversalTableViewController.swift in Sources */,
				960783381EA9AA1200D66734 /* ForecastView.swift in Sources */,
				967B062C1E70FFD900213A41 /* AudioToolVC.swift in Sources */,
				96753A391CE5D8EB0079FB8F /* GameListVC.swift in Sources */,
				96753A371CE5D8BE0079FB8F /* TwoZeroFourEightVC.swift in Sources */,
				967B062E1E71005800213A41 /* AudioToolView.swift in Sources */,
				965D1D7B1CFE870D00FD6812 /* SudokuVC.swift in Sources */,
				96134CB81D2BA5C200232FCD /* JumpingVC.swift in Sources */,
				96753A3B1CE5D8F50079FB8F /* ToolListVC.swift in Sources */,
				96753A3D1CE5D9590079FB8F /* FileExplorerVC.swift in Sources */,
				96346D9E1EA9DFA700F99965 /* ForecastManager.swift in Sources */,
				9672179F1CFBF5F7002D77B7 /* BarCodeVC.swift in Sources */,
				962EC31C1D238145008E2D44 /* TextEditorVC.swift in Sources */,
				96F354681D9D1AA000D0B3FB /* LifeGameManager.swift in Sources */,
				9626555C1F79F17D00D83BC0 /* PaintingVC.swift in Sources */,
				968F1FF11EAA02A80036FB2A /* Forecast.swift in Sources */,
				96E72CED1D5ADBFA00B16522 /* MarqueeVC.swift in Sources */,
			);
			runOnlyForDeploymentPostprocessing = 0;
		};
/* End PBXSourcesBuildPhase section */

/* Begin XCBuildConfiguration section */
		96DCF8301CE422D000A08658 /* Debug */ = {
			isa = XCBuildConfiguration;
			buildSettings = {
				ALWAYS_SEARCH_USER_PATHS = NO;
				CLANG_CXX_LANGUAGE_STANDARD = "gnu++0x";
				CLANG_CXX_LIBRARY = "libc++";
				CLANG_ENABLE_MODULES = YES;
				CLANG_ENABLE_OBJC_ARC = YES;
				CLANG_WARN_BOOL_CONVERSION = YES;
				CLANG_WARN_CONSTANT_CONVERSION = YES;
				CLANG_WARN_DIRECT_OBJC_ISA_USAGE = YES_ERROR;
				CLANG_WARN_EMPTY_BODY = YES;
				CLANG_WARN_ENUM_CONVERSION = YES;
				CLANG_WARN_INFINITE_RECURSION = YES;
				CLANG_WARN_INT_CONVERSION = YES;
				CLANG_WARN_OBJC_ROOT_CLASS = YES_ERROR;
				CLANG_WARN_SUSPICIOUS_MOVE = YES;
				CLANG_WARN_UNREACHABLE_CODE = YES;
				CLANG_WARN__DUPLICATE_METHOD_MATCH = YES;
				CODE_SIGN_IDENTITY = "";
				"CODE_SIGN_IDENTITY[sdk=iphoneos*]" = "iPhone Developer";
				COPY_PHASE_STRIP = NO;
				DEBUG_INFORMATION_FORMAT = dwarf;
				ENABLE_STRICT_OBJC_MSGSEND = YES;
				ENABLE_TESTABILITY = YES;
				GCC_C_LANGUAGE_STANDARD = gnu99;
				GCC_DYNAMIC_NO_PIC = NO;
				GCC_NO_COMMON_BLOCKS = YES;
				GCC_OPTIMIZATION_LEVEL = 0;
				GCC_PREPROCESSOR_DEFINITIONS = (
					"DEBUG=1",
					"$(inherited)",
				);
				GCC_WARN_64_TO_32_BIT_CONVERSION = YES;
				GCC_WARN_ABOUT_RETURN_TYPE = YES_ERROR;
				GCC_WARN_UNDECLARED_SELECTOR = YES;
				GCC_WARN_UNINITIALIZED_AUTOS = YES_AGGRESSIVE;
				GCC_WARN_UNUSED_FUNCTION = YES;
				GCC_WARN_UNUSED_VARIABLE = YES;
				IPHONEOS_DEPLOYMENT_TARGET = 9.2;
				MTL_ENABLE_DEBUG_INFO = YES;
				ONLY_ACTIVE_ARCH = YES;
				SDKROOT = iphoneos;
				SWIFT_OPTIMIZATION_LEVEL = "-Onone";
				TARGETED_DEVICE_FAMILY = "1,2";
			};
			name = Debug;
		};
		96DCF8311CE422D000A08658 /* Release */ = {
			isa = XCBuildConfiguration;
			buildSettings = {
				ALWAYS_SEARCH_USER_PATHS = NO;
				CLANG_CXX_LANGUAGE_STANDARD = "gnu++0x";
				CLANG_CXX_LIBRARY = "libc++";
				CLANG_ENABLE_MODULES = YES;
				CLANG_ENABLE_OBJC_ARC = YES;
				CLANG_WARN_BOOL_CONVERSION = YES;
				CLANG_WARN_CONSTANT_CONVERSION = YES;
				CLANG_WARN_DIRECT_OBJC_ISA_USAGE = YES_ERROR;
				CLANG_WARN_EMPTY_BODY = YES;
				CLANG_WARN_ENUM_CONVERSION = YES;
				CLANG_WARN_INFINITE_RECURSION = YES;
				CLANG_WARN_INT_CONVERSION = YES;
				CLANG_WARN_OBJC_ROOT_CLASS = YES_ERROR;
				CLANG_WARN_SUSPICIOUS_MOVE = YES;
				CLANG_WARN_UNREACHABLE_CODE = YES;
				CLANG_WARN__DUPLICATE_METHOD_MATCH = YES;
				CODE_SIGN_IDENTITY = "";
				"CODE_SIGN_IDENTITY[sdk=iphoneos*]" = "iPhone Developer";
				COPY_PHASE_STRIP = NO;
				DEBUG_INFORMATION_FORMAT = "dwarf-with-dsym";
				ENABLE_NS_ASSERTIONS = NO;
				ENABLE_STRICT_OBJC_MSGSEND = YES;
				GCC_C_LANGUAGE_STANDARD = gnu99;
				GCC_NO_COMMON_BLOCKS = YES;
				GCC_WARN_64_TO_32_BIT_CONVERSION = YES;
				GCC_WARN_ABOUT_RETURN_TYPE = YES_ERROR;
				GCC_WARN_UNDECLARED_SELECTOR = YES;
				GCC_WARN_UNINITIALIZED_AUTOS = YES_AGGRESSIVE;
				GCC_WARN_UNUSED_FUNCTION = YES;
				GCC_WARN_UNUSED_VARIABLE = YES;
				IPHONEOS_DEPLOYMENT_TARGET = 9.2;
				MTL_ENABLE_DEBUG_INFO = NO;
				SDKROOT = iphoneos;
				SWIFT_OPTIMIZATION_LEVEL = "-Owholemodule";
				TARGETED_DEVICE_FAMILY = "1,2";
				VALIDATE_PRODUCT = YES;
			};
			name = Release;
		};
		96DCF8331CE422D000A08658 /* Debug */ = {
			isa = XCBuildConfiguration;
			buildSettings = {
				ALWAYS_EMBED_SWIFT_STANDARD_LIBRARIES = YES;
				ASSETCATALOG_COMPILER_APPICON_NAME = AppIcon;
				ASSETCATALOG_COMPILER_LAUNCHIMAGE_NAME = LaunchImage;
				CLANG_ENABLE_MODULES = YES;
				CLANG_WARN__ARC_BRIDGE_CAST_NONARC = NO;
				CODE_SIGN_IDENTITY = "iPhone Developer";
				"CODE_SIGN_IDENTITY[sdk=iphoneos*]" = "iPhone Developer";
				INFOPLIST_FILE = "$(SRCROOT)/Paradise Lost/Resources/Info.plist";
				IPHONEOS_DEPLOYMENT_TARGET = 10.1;
				LD_RUNPATH_SEARCH_PATHS = "$(inherited) @executable_path/Frameworks @loader_path/Frameworks";
				LIBRARY_SEARCH_PATHS = (
					"$(inherited)",
					"$(SRCROOT)",
				);
				PRODUCT_BUNDLE_IDENTIFIER = "com.jakechen.Paradise-Lost";
				PRODUCT_NAME = "$(TARGET_NAME)";
				PROVISIONING_PROFILE = "";
				SDKROOT = iphoneos;
				SWIFT_OBJC_BRIDGING_HEADER = "";
				SWIFT_OPTIMIZATION_LEVEL = "-Onone";
				SWIFT_VERSION = 3.0;
				TARGETED_DEVICE_FAMILY = 1;
			};
			name = Debug;
		};
		96DCF8341CE422D000A08658 /* Release */ = {
			isa = XCBuildConfiguration;
			buildSettings = {
				ALWAYS_EMBED_SWIFT_STANDARD_LIBRARIES = YES;
				ASSETCATALOG_COMPILER_APPICON_NAME = AppIcon;
				ASSETCATALOG_COMPILER_LAUNCHIMAGE_NAME = LaunchImage;
				CLANG_ENABLE_MODULES = YES;
				CLANG_WARN__ARC_BRIDGE_CAST_NONARC = NO;
				CODE_SIGN_IDENTITY = "iPhone Developer";
				"CODE_SIGN_IDENTITY[sdk=iphoneos*]" = "iPhone Developer";
				INFOPLIST_FILE = "$(SRCROOT)/Paradise Lost/Resources/Info.plist";
				IPHONEOS_DEPLOYMENT_TARGET = 10.1;
				LD_RUNPATH_SEARCH_PATHS = "$(inherited) @executable_path/Frameworks @loader_path/Frameworks";
				LIBRARY_SEARCH_PATHS = (
					"$(inherited)",
					"$(SRCROOT)",
				);
				PRODUCT_BUNDLE_IDENTIFIER = "com.jakechen.Paradise-Lost";
				PRODUCT_NAME = "$(TARGET_NAME)";
				PROVISIONING_PROFILE = "";
				SDKROOT = iphoneos;
				SWIFT_OBJC_BRIDGING_HEADER = "";
				SWIFT_VERSION = 3.0;
				TARGETED_DEVICE_FAMILY = 1;
			};
			name = Release;
		};
/* End XCBuildConfiguration section */

/* Begin XCConfigurationList section */
		96DCF8051CE422CE00A08658 /* Build configuration list for PBXProject "Paradise Lost" */ = {
			isa = XCConfigurationList;
			buildConfigurations = (
				96DCF8301CE422D000A08658 /* Debug */,
				96DCF8311CE422D000A08658 /* Release */,
			);
			defaultConfigurationIsVisible = 0;
			defaultConfigurationName = Release;
		};
		96DCF8321CE422D000A08658 /* Build configuration list for PBXNativeTarget "Paradise Lost" */ = {
			isa = XCConfigurationList;
			buildConfigurations = (
				96DCF8331CE422D000A08658 /* Debug */,
				96DCF8341CE422D000A08658 /* Release */,
			);
			defaultConfigurationIsVisible = 0;
			defaultConfigurationName = Release;
		};
/* End XCConfigurationList section */
	};
	rootObject = 96DCF8021CE422CE00A08658 /* Project object */;
}
